
Microsoft Visual Studio Solution File, Format Version 12.00
Project("{FAE04EC0-301F-11D3-BF4B-00C04F79EFBC}") = "Lab1", "Lab1\Lab1.csproj", "{486F16B4-0762-4E4C-87E9-B5F7FF21D7B0}"
EndProject
Project("{FAE04EC0-301F-11D3-BF4B-00C04F79EFBC}") = "TestProject1", "TestProject1\TestProject1.csproj", "{3C656A27-B2D3-4CED-9E58-11A341E02B4D}"
EndProject
Project("{FAE04EC0-301F-11D3-BF4B-00C04F79EFBC}") = "WinFormsApp1", "WinFormsApp1\WinFormsApp1.csproj", "{FDEE9317-D365-4A37-84A1-7CCFD042A17B}"
EndProject
Global
	GlobalSection(SolutionConfigurationPlatforms) = preSolution
		Debug|Any CPU = Debug|Any CPU
		Release|Any CPU = Release|Any CPU
	EndGlobalSection
	GlobalSection(ProjectConfigurationPlatforms) = postSolution
		{486F16B4-0762-4E4C-87E9-B5F7FF21D7B0}.Debug|Any CPU.ActiveCfg = Debug|Any CPU
		{486F16B4-0762-4E4C-87E9-B5F7FF21D7B0}.Debug|Any CPU.Build.0 = Debug|Any CPU
		{486F16B4-0762-4E4C-87E9-B5F7FF21D7B0}.Release|Any CPU.ActiveCfg = Release|Any CPU
		{486F16B4-0762-4E4C-87E9-B5F7FF21D7B0}.Release|Any CPU.Build.0 = Release|Any CPU
		{3C656A27-B2D3-4CED-9E58-11A341E02B4D}.Debug|Any CPU.ActiveCfg = Debug|Any CPU
		{3C656A27-B2D3-4CED-9E58-11A341E02B4D}.Debug|Any CPU.Build.0 = Debug|Any CPU
		{3C656A27-B2D3-4CED-9E58-11A341E02B4D}.Release|Any CPU.ActiveCfg = Release|Any CPU
		{3C656A27-B2D3-4CED-9E58-11A341E02B4D}.Release|Any CPU.Build.0 = Release|Any CPU
		{FDEE9317-D365-4A37-84A1-7CCFD042A17B}.Debug|Any CPU.ActiveCfg = Debug|Any CPU
		{FDEE9317-D365-4A37-84A1-7CCFD042A17B}.Debug|Any CPU.Build.0 = Debug|Any CPU
		{FDEE9317-D365-4A37-84A1-7CCFD042A17B}.Release|Any CPU.ActiveCfg = Release|Any CPU
		{FDEE9317-D365-4A37-84A1-7CCFD042A17B}.Release|Any CPU.Build.0 = Release|Any CPU
	EndGlobalSection
EndGlobal
